{
  "name": "To-the-best-mom",
  "lockfileVersion": 3,
  "requires": true,
  "packages": {
    "": {
      "dependencies": {
        "balloons-js": "^0.0.2"
      }
    },
    "node_modules/balloons-js": {
      "version": "0.0.2",
      "resolved": "https://registry.npmjs.org/balloons-js/-/balloons-js-0.0.2.tgz",
      "integrity": "sha512-IwLji0PbMABiLzE9i3HM2uChKS6sucer8CBc8L7BT2N4RSeKpTgbYF33HgbuMEa+WuAUp5TmWe47E0BKX3azVA==",
      "license": "MIT",
      "engines": {
        "node": ">=12.0.0"
      }
    }
  }
}
